
Microsoft Visual Studio Solution File, Format Version 12.00
# Visual Studio Version 17
VisualStudioVersion = 17.11.35303.130
MinimumVisualStudioVersion = 10.0.40219.1
Project("{FAE04EC0-301F-11D3-BF4B-00C04F79EFBC}") = "MVVM_implementacion_NAGD.Android", "MVVM_implementacion_NAGD\MVVM_implementacion_NAGD.Android\MVVM_implementacion_NAGD.Android.csproj", "{C4C1AD02-27B6-40E0-85C6-20FD4BDA1DB9}"
EndProject
Project("{FAE04EC0-301F-11D3-BF4B-00C04F79EFBC}") = "MVVM_implementacion_NAGD.iOS", "MVVM_implementacion_NAGD\MVVM_implementacion_NAGD.iOS\MVVM_implementacion_NAGD.iOS.csproj", "{51B324B2-FC2D-4167-84FB-BA9C2784CE15}"
EndProject
Project("{FAE04EC0-301F-11D3-BF4B-00C04F79EFBC}") = "MVVM_implementacion_NAGD", "MVVM_implementacion_NAGD\MVVM_implementacion_NAGD\MVVM_implementacion_NAGD.csproj", "{F8542BFB-DDF8-43CB-BC4D-94AEA8E19EB2}"
EndProject
Global
	GlobalSection(SolutionConfigurationPlatforms) = preSolution
		Debug|Any CPU = Debug|Any CPU
		Debug|iPhone = Debug|iPhone
		Debug|iPhoneSimulator = Debug|iPhoneSimulator
		Release|Any CPU = Release|Any CPU
		Release|iPhone = Release|iPhone
		Release|iPhoneSimulator = Release|iPhoneSimulator
	EndGlobalSection
	GlobalSection(ProjectConfigurationPlatforms) = postSolution
		{C4C1AD02-27B6-40E0-85C6-20FD4BDA1DB9}.Debug|Any CPU.ActiveCfg = Debug|Any CPU
		{C4C1AD02-27B6-40E0-85C6-20FD4BDA1DB9}.Debug|Any CPU.Build.0 = Debug|Any CPU
		{C4C1AD02-27B6-40E0-85C6-20FD4BDA1DB9}.Debug|Any CPU.Deploy.0 = Debug|Any CPU
		{C4C1AD02-27B6-40E0-85C6-20FD4BDA1DB9}.Debug|iPhone.ActiveCfg = Debug|Any CPU
		{C4C1AD02-27B6-40E0-85C6-20FD4BDA1DB9}.Debug|iPhone.Build.0 = Debug|Any CPU
		{C4C1AD02-27B6-40E0-85C6-20FD4BDA1DB9}.Debug|iPhone.Deploy.0 = Debug|Any CPU
		{C4C1AD02-27B6-40E0-85C6-20FD4BDA1DB9}.Debug|iPhoneSimulator.ActiveCfg = Debug|Any CPU
		{C4C1AD02-27B6-40E0-85C6-20FD4BDA1DB9}.Debug|iPhoneSimulator.Build.0 = Debug|Any CPU
		{C4C1AD02-27B6-40E0-85C6-20FD4BDA1DB9}.Debug|iPhoneSimulator.Deploy.0 = Debug|Any CPU
		{C4C1AD02-27B6-40E0-85C6-20FD4BDA1DB9}.Release|Any CPU.ActiveCfg = Release|Any CPU
		{C4C1AD02-27B6-40E0-85C6-20FD4BDA1DB9}.Release|Any CPU.Build.0 = Release|Any CPU
		{C4C1AD02-27B6-40E0-85C6-20FD4BDA1DB9}.Release|Any CPU.Deploy.0 = Release|Any CPU
		{C4C1AD02-27B6-40E0-85C6-20FD4BDA1DB9}.Release|iPhone.ActiveCfg = Release|Any CPU
		{C4C1AD02-27B6-40E0-85C6-20FD4BDA1DB9}.Release|iPhone.Build.0 = Release|Any CPU
		{C4C1AD02-27B6-40E0-85C6-20FD4BDA1DB9}.Release|iPhone.Deploy.0 = Release|Any CPU
		{C4C1AD02-27B6-40E0-85C6-20FD4BDA1DB9}.Release|iPhoneSimulator.ActiveCfg = Release|Any CPU
		{C4C1AD02-27B6-40E0-85C6-20FD4BDA1DB9}.Release|iPhoneSimulator.Build.0 = Release|Any CPU
		{C4C1AD02-27B6-40E0-85C6-20FD4BDA1DB9}.Release|iPhoneSimulator.Deploy.0 = Release|Any CPU
		{51B324B2-FC2D-4167-84FB-BA9C2784CE15}.Debug|Any CPU.ActiveCfg = Debug|iPhone
		{51B324B2-FC2D-4167-84FB-BA9C2784CE15}.Debug|Any CPU.Build.0 = Debug|iPhone
		{51B324B2-FC2D-4167-84FB-BA9C2784CE15}.Debug|Any CPU.Deploy.0 = Debug|iPhone
		{51B324B2-FC2D-4167-84FB-BA9C2784CE15}.Debug|iPhone.ActiveCfg = Debug|iPhone
		{51B324B2-FC2D-4167-84FB-BA9C2784CE15}.Debug|iPhone.Build.0 = Debug|iPhone
		{51B324B2-FC2D-4167-84FB-BA9C2784CE15}.Debug|iPhone.Deploy.0 = Debug|iPhone
		{51B324B2-FC2D-4167-84FB-BA9C2784CE15}.Debug|iPhoneSimulator.ActiveCfg = Debug|iPhoneSimulator
		{51B324B2-FC2D-4167-84FB-BA9C2784CE15}.Debug|iPhoneSimulator.Build.0 = Debug|iPhoneSimulator
		{51B324B2-FC2D-4167-84FB-BA9C2784CE15}.Debug|iPhoneSimulator.Deploy.0 = Debug|iPhoneSimulator
		{51B324B2-FC2D-4167-84FB-BA9C2784CE15}.Release|Any CPU.ActiveCfg = Release|iPhoneSimulator
		{51B324B2-FC2D-4167-84FB-BA9C2784CE15}.Release|Any CPU.Build.0 = Release|iPhoneSimulator
		{51B324B2-FC2D-4167-84FB-BA9C2784CE15}.Release|Any CPU.Deploy.0 = Release|iPhoneSimulator
		{51B324B2-FC2D-4167-84FB-BA9C2784CE15}.Release|iPhone.ActiveCfg = Release|iPhone
		{51B324B2-FC2D-4167-84FB-BA9C2784CE15}.Release|iPhone.Build.0 = Release|iPhone
		{51B324B2-FC2D-4167-84FB-BA9C2784CE15}.Release|iPhone.Deploy.0 = Release|iPhone
		{51B324B2-FC2D-4167-84FB-BA9C2784CE15}.Release|iPhoneSimulator.ActiveCfg = Release|iPhoneSimulator
		{51B324B2-FC2D-4167-84FB-BA9C2784CE15}.Release|iPhoneSimulator.Build.0 = Release|iPhoneSimulator
		{51B324B2-FC2D-4167-84FB-BA9C2784CE15}.Release|iPhoneSimulator.Deploy.0 = Release|iPhoneSimulator
		{F8542BFB-DDF8-43CB-BC4D-94AEA8E19EB2}.Debug|Any CPU.ActiveCfg = Debug|Any CPU
		{F8542BFB-DDF8-43CB-BC4D-94AEA8E19EB2}.Debug|Any CPU.Build.0 = Debug|Any CPU
		{F8542BFB-DDF8-43CB-BC4D-94AEA8E19EB2}.Debug|Any CPU.Deploy.0 = Debug|Any CPU
		{F8542BFB-DDF8-43CB-BC4D-94AEA8E19EB2}.Debug|iPhone.ActiveCfg = Debug|Any CPU
		{F8542BFB-DDF8-43CB-BC4D-94AEA8E19EB2}.Debug|iPhone.Build.0 = Debug|Any CPU
		{F8542BFB-DDF8-43CB-BC4D-94AEA8E19EB2}.Debug|iPhone.Deploy.0 = Debug|Any CPU
		{F8542BFB-DDF8-43CB-BC4D-94AEA8E19EB2}.Debug|iPhoneSimulator.ActiveCfg = Debug|Any CPU
		{F8542BFB-DDF8-43CB-BC4D-94AEA8E19EB2}.Debug|iPhoneSimulator.Build.0 = Debug|Any CPU
		{F8542BFB-DDF8-43CB-BC4D-94AEA8E19EB2}.Debug|iPhoneSimulator.Deploy.0 = Debug|Any CPU
		{F8542BFB-DDF8-43CB-BC4D-94AEA8E19EB2}.Release|Any CPU.ActiveCfg = Release|Any CPU
		{F8542BFB-DDF8-43CB-BC4D-94AEA8E19EB2}.Release|Any CPU.Build.0 = Release|Any CPU
		{F8542BFB-DDF8-43CB-BC4D-94AEA8E19EB2}.Release|Any CPU.Deploy.0 = Release|Any CPU
		{F8542BFB-DDF8-43CB-BC4D-94AEA8E19EB2}.Release|iPhone.ActiveCfg = Release|Any CPU
		{F8542BFB-DDF8-43CB-BC4D-94AEA8E19EB2}.Release|iPhone.Build.0 = Release|Any CPU
		{F8542BFB-DDF8-43CB-BC4D-94AEA8E19EB2}.Release|iPhone.Deploy.0 = Release|Any CPU
		{F8542BFB-DDF8-43CB-BC4D-94AEA8E19EB2}.Release|iPhoneSimulator.ActiveCfg = Release|Any CPU
		{F8542BFB-DDF8-43CB-BC4D-94AEA8E19EB2}.Release|iPhoneSimulator.Build.0 = Release|Any CPU
		{F8542BFB-DDF8-43CB-BC4D-94AEA8E19EB2}.Release|iPhoneSimulator.Deploy.0 = Release|Any CPU
	EndGlobalSection
	GlobalSection(SolutionProperties) = preSolution
		HideSolutionNode = FALSE
	EndGlobalSection
	GlobalSection(ExtensibilityGlobals) = postSolution
		SolutionGuid = {4C97694E-E0A8-468F-BDA0-07985CF2231F}
	EndGlobalSection
EndGlobal
